{
  "name": "turbo-telegram",
  "version": "0.1.0",
  "lockfileVersion": 1,
  "requires": true,
  "dependencies": {
    "@blueprintjs/datetime": {
      "version": "3.0.0",
      "resolved": "https://registry.npmjs.org/@blueprintjs/datetime/-/datetime-3.0.0.tgz",
      "integrity": "sha512-5fTNEotutMyYKoGnlj6bVK39/uTQjI39tMpVGVEy75gn3oJ4s3KqH0DkpCQq2AUGqvmIUTP7WvT5+mRsYCEbFA==",
      "requires": {
        "@blueprintjs/core": "3.0.1",
        "classnames": "2.2.6",
        "react-day-picker": "7.1.10",
        "tslib": "1.9.3"
      },
      "dependencies": {
        "@blueprintjs/core": {
          "version": "3.0.1",
          "resolved": "https://registry.npmjs.org/@blueprintjs/core/-/core-3.0.1.tgz",
          "integrity": "sha512-HSCL5IAY8etX3BFl1Gx5I+PRY3vweyQAIgf9tcOh0M9vAjHye7btUyQT/6QXR4fl7I9xQXnBG1ju7b22WWbwDw==",
          "requires": {
            "@blueprintjs/icons": "3.0.0",
            "@types/dom4": "2.0.0",
            "classnames": "2.2.6",
            "dom4": "2.1.3",
            "normalize.css": "8.0.0",
            "popper.js": "1.14.3",
            "react-popper": "1.0.0",
            "react-transition-group": "2.4.0",
            "resize-observer-polyfill": "1.5.0",
            "tslib": "1.9.3"
          }
        }
      }
    },
    "@blueprintjs/icons": {
      "version": "3.0.0",
      "resolved": "https://registry.npmjs.org/@blueprintjs/icons/-/icons-3.0.0.tgz",
      "integrity": "sha512-U14jCwGG41W1CDNFiIroC2SJ3jCaGwxuJ43c9vcg7l7hmD/CEVcrN1+pqdIU+p4YIk41fN0IE2fLEOnL9XZStA==",
      "requires": {
        "classnames": "2.2.6",
        "tslib": "1.9.3"
      }
    },
    "@types/dom4": {
      "version": "2.0.0",
      "resolved": "https://registry.npmjs.org/@types/dom4/-/dom4-2.0.0.tgz",
      "integrity": "sha512-8daxuqQvjHC2EaOfEC99ayfoiaaAVW+Mmm+3Uf0NDi9c5yarbFLXAU/BgSXLJgnbExSIokpvGDAZsYW82kg5Dg=="
    },
    "asap": {
      "version": "2.0.6",
      "resolved": "https://registry.npmjs.org/asap/-/asap-2.0.6.tgz",
      "integrity": "sha1-5QNHYR1+aQlDIIu9r+vLwvuGbUY="
    },
    "babel-runtime": {
      "version": "6.26.0",
      "resolved": "https://registry.npmjs.org/babel-runtime/-/babel-runtime-6.26.0.tgz",
      "integrity": "sha1-llxwWGaOgrVde/4E/yM3vItWR/4=",
      "requires": {
        "core-js": "2.5.7",
        "regenerator-runtime": "0.11.1"
      }
    },
    "classnames": {
      "version": "2.2.6",
      "resolved": "https://registry.npmjs.org/classnames/-/classnames-2.2.6.tgz",
      "integrity": "sha512-JR/iSQOSt+LQIWwrwEzJ9uk0xfN3mTVYMwt1Ir5mUcSN6pU+V4zQFFaJsclJbPuAUQH+yfWef6tm7l1quW3C8Q=="
    },
    "core-js": {
      "version": "2.5.7",
      "resolved": "https://registry.npmjs.org/core-js/-/core-js-2.5.7.tgz",
      "integrity": "sha512-RszJCAxg/PP6uzXVXL6BsxSXx/B05oJAQ2vkJRjyjrEcNVycaqOmNb5OTxZPE3xa5gwZduqza6L9JOCenh/Ecw=="
    },
    "create-react-context": {
      "version": "0.2.2",
      "resolved": "https://registry.npmjs.org/create-react-context/-/create-react-context-0.2.2.tgz",
      "integrity": "sha512-KkpaLARMhsTsgp0d2NA/R94F/eDLbhXERdIq3LvX2biCAXcDvHYoOqHfWCHf1+OLj+HKBotLG3KqaOOf+C1C+A==",
      "requires": {
        "fbjs": "0.8.17",
        "gud": "1.0.0"
      }
    },
    "dom-helpers": {
      "version": "3.3.1",
      "resolved": "https://registry.npmjs.org/dom-helpers/-/dom-helpers-3.3.1.tgz",
      "integrity": "sha512-2Sm+JaYn74OiTM2wHvxJOo3roiq/h25Yi69Fqk269cNUwIXsCvATB6CRSFC9Am/20G2b28hGv/+7NiWydIrPvg=="
    },
    "dom4": {
      "version": "2.1.3",
      "resolved": "https://registry.npmjs.org/dom4/-/dom4-2.1.3.tgz",
      "integrity": "sha512-begvh4z5GV0kyxx+YgJZ7sIo/jsELx/v7MQxoLZpOvT5yFo18X8dfgtUmKAwdGuyMeugncylarLHlO4gIK6YNw=="
    },
    "encoding": {
      "version": "0.1.12",
      "resolved": "https://registry.npmjs.org/encoding/-/encoding-0.1.12.tgz",
      "integrity": "sha1-U4tm8+5izRq1HsMjgp0flIDHS+s=",
      "requires": {
        "iconv-lite": "0.4.23"
      }
    },
    "fbjs": {
      "version": "0.8.17",
      "resolved": "https://registry.npmjs.org/fbjs/-/fbjs-0.8.17.tgz",
      "integrity": "sha1-xNWY6taUkRJlPWWIsBpc3Nn5D90=",
      "requires": {
        "core-js": "1.2.7",
        "isomorphic-fetch": "2.2.1",
        "loose-envify": "1.4.0",
        "object-assign": "4.1.1",
        "promise": "7.3.1",
        "setimmediate": "1.0.5",
        "ua-parser-js": "0.7.18"
      },
      "dependencies": {
        "core-js": {
          "version": "1.2.7",
          "resolved": "https://registry.npmjs.org/core-js/-/core-js-1.2.7.tgz",
          "integrity": "sha1-ZSKUwUZR2yj6k70tX/KYOk8IxjY="
        }
      }
    },
    "gud": {
      "version": "1.0.0",
      "resolved": "https://registry.npmjs.org/gud/-/gud-1.0.0.tgz",
      "integrity": "sha512-zGEOVKFM5sVPPrYs7J5/hYEw2Pof8KCyOwyhG8sAF26mCAeUFAcYPu1mwB7hhpIP29zOIBaDqwuHdLp0jvZXjw=="
    },
    "iconv-lite": {
      "version": "0.4.23",
      "resolved": "https://registry.npmjs.org/iconv-lite/-/iconv-lite-0.4.23.tgz",
      "integrity": "sha512-neyTUVFtahjf0mB3dZT77u+8O0QB89jFdnBkd5P1JgYPbPaia3gXXOVL2fq8VyU2gMMD7SaN7QukTB/pmXYvDA==",
      "requires": {
        "safer-buffer": "2.1.2"
      }
    },
    "is-stream": {
      "version": "1.1.0",
      "resolved": "https://registry.npmjs.org/is-stream/-/is-stream-1.1.0.tgz",
      "integrity": "sha1-EtSj3U5o4Lec6428hBc66A2RykQ="
    },
    "isomorphic-fetch": {
      "version": "2.2.1",
      "resolved": "https://registry.npmjs.org/isomorphic-fetch/-/isomorphic-fetch-2.2.1.tgz",
      "integrity": "sha1-YRrhrPFPXoH3KVB0coGf6XM1WKk=",
      "requires": {
        "node-fetch": "1.7.3",
        "whatwg-fetch": "2.0.4"
      }
    },
    "js-tokens": {
      "version": "4.0.0",
      "resolved": "https://registry.npmjs.org/js-tokens/-/js-tokens-4.0.0.tgz",
      "integrity": "sha512-RdJUflcE3cUzKiMqQgsCu06FPu9UdIJO0beYbPhHN4k6apgJtifcoCtT9bcxOpYBtpD2kCM6Sbzg4CausW/PKQ=="
    },
    "loose-envify": {
      "version": "1.4.0",
      "resolved": "https://registry.npmjs.org/loose-envify/-/loose-envify-1.4.0.tgz",
      "integrity": "sha512-lyuxPGr/Wfhrlem2CL/UcnUc1zcqKAImBDzukY7Y5F/yQiNdko6+fRLevlw1HgMySw7f611UIY408EtxRSoK3Q==",
      "requires": {
        "js-tokens": "4.0.0"
      }
    },
    "node-fetch": {
      "version": "1.7.3",
      "resolved": "https://registry.npmjs.org/node-fetch/-/node-fetch-1.7.3.tgz",
      "integrity": "sha512-NhZ4CsKx7cYm2vSrBAr2PvFOe6sWDf0UYLRqA6svUYg7+/TSfVAu49jYC4BvQ4Sms9SZgdqGBgroqfDhJdTyKQ==",
      "requires": {
        "encoding": "0.1.12",
        "is-stream": "1.1.0"
      }
    },
    "normalize.css": {
      "version": "8.0.0",
      "resolved": "https://registry.npmjs.org/normalize.css/-/normalize.css-8.0.0.tgz",
      "integrity": "sha512-iXcbM3NWr0XkNyfiSBsoPezi+0V92P9nj84yVV1/UZxRUrGczgX/X91KMAGM0omWLY2+2Q1gKD/XRn4gQRDB2A=="
    },
    "object-assign": {
      "version": "4.1.1",
      "resolved": "https://registry.npmjs.org/object-assign/-/object-assign-4.1.1.tgz",
      "integrity": "sha1-IQmtx5ZYh8/AXLvUQsrIv7s2CGM="
    },
    "popper.js": {
      "version": "1.14.3",
      "resolved": "https://registry.npmjs.org/popper.js/-/popper.js-1.14.3.tgz",
      "integrity": "sha1-FDj5jQRqz3tNeM1QK/QYrGTU8JU="
    },
    "promise": {
      "version": "7.3.1",
      "resolved": "https://registry.npmjs.org/promise/-/promise-7.3.1.tgz",
      "integrity": "sha512-nolQXZ/4L+bP/UGlkfaIujX9BKxGwmQ9OT4mOt5yvy8iK1h3wqTEJCijzGANTCCl9nWjY41juyAn2K3Q1hLLTg==",
      "requires": {
        "asap": "2.0.6"
      }
    },
    "prop-types": {
      "version": "15.6.2",
      "resolved": "https://registry.npmjs.org/prop-types/-/prop-types-15.6.2.tgz",
      "integrity": "sha512-3pboPvLiWD7dkI3qf3KbUe6hKFKa52w+AE0VCqECtf+QHAKgOL37tTaNCnuX1nAAQ4ZhyP+kYVKf8rLmJ/feDQ==",
      "requires": {
        "loose-envify": "1.4.0",
        "object-assign": "4.1.1"
      }
    },
    "react-day-picker": {
      "version": "7.1.10",
      "resolved": "https://registry.npmjs.org/react-day-picker/-/react-day-picker-7.1.10.tgz",
      "integrity": "sha512-UoI3ktYU8oN0UTxX5ZbG02TZePHh4znUGT6/h4g+tLNM1O4GGCiafqyFEIp22HYb1sCPQ4UMyw6QFcxu+lFDVQ==",
      "requires": {
        "prop-types": "15.6.2"
      }
    },
    "react-lifecycles-compat": {
      "version": "3.0.4",
      "resolved": "https://registry.npmjs.org/react-lifecycles-compat/-/react-lifecycles-compat-3.0.4.tgz",
      "integrity": "sha512-fBASbA6LnOU9dOU2eW7aQ8xmYBSXUIWr+UmF9b1efZBazGNO+rcXT/icdKnYm2pTwcRylVUYwW7H1PHfLekVzA=="
    },
    "react-popper": {
      "version": "1.0.0",
      "resolved": "https://registry.npmjs.org/react-popper/-/react-popper-1.0.0.tgz",
      "integrity": "sha1-uZRSFE6P5KzHf6PZWajHngemUIQ=",
      "requires": {
        "babel-runtime": "6.26.0",
        "create-react-context": "0.2.2",
        "popper.js": "1.14.3",
        "prop-types": "15.6.2",
        "typed-styles": "0.0.5",
        "warning": "3.0.0"
      }
    },
    "react-transition-group": {
      "version": "2.4.0",
      "resolved": "https://registry.npmjs.org/react-transition-group/-/react-transition-group-2.4.0.tgz",
      "integrity": "sha512-Xv5d55NkJUxUzLCImGSanK8Cl/30sgpOEMGc5m86t8+kZwrPxPCPcFqyx83kkr+5Lz5gs6djuvE5By+gce+VjA==",
      "requires": {
        "dom-helpers": "3.3.1",
        "loose-envify": "1.4.0",
        "prop-types": "15.6.2",
        "react-lifecycles-compat": "3.0.4"
      }
    },
    "regenerator-runtime": {
      "version": "0.11.1",
      "resolved": "https://registry.npmjs.org/regenerator-runtime/-/regenerator-runtime-0.11.1.tgz",
      "integrity": "sha512-MguG95oij0fC3QV3URf4V2SDYGJhJnJGqvIIgdECeODCT98wSWDAJ94SSuVpYQUoTcGUIL6L4yNB7j1DFFHSBg=="
    },
    "resize-observer-polyfill": {
      "version": "1.5.0",
      "resolved": "https://registry.npmjs.org/resize-observer-polyfill/-/resize-observer-polyfill-1.5.0.tgz",
      "integrity": "sha512-M2AelyJDVR/oLnToJLtuDJRBBWUGUvvGigj1411hXhAdyFWqMaqHp7TixW3FpiLuVaikIcR1QL+zqoJoZlOgpg=="
    },
    "safer-buffer": {
      "version": "2.1.2",
      "resolved": "https://registry.npmjs.org/safer-buffer/-/safer-buffer-2.1.2.tgz",
      "integrity": "sha512-YZo3K82SD7Riyi0E1EQPojLz7kpepnSQI9IyPbHHg1XXXevb5dJI7tpyN2ADxGcQbHG7vcyRHk0cbwqcQriUtg=="
    },
    "setimmediate": {
      "version": "1.0.5",
      "resolved": "https://registry.npmjs.org/setimmediate/-/setimmediate-1.0.5.tgz",
      "integrity": "sha1-KQy7Iy4waULX1+qbg3Mqt4VvgoU="
    },
    "tslib": {
      "version": "1.9.3",
      "resolved": "https://registry.npmjs.org/tslib/-/tslib-1.9.3.tgz",
      "integrity": "sha512-4krF8scpejhaOgqzBEcGM7yDIEfi0/8+8zDRZhNZZ2kjmHJ4hv3zCbQWxoJGz1iw5U0Jl0nma13xzHXcncMavQ=="
    },
    "typed-styles": {
      "version": "0.0.5",
      "resolved": "https://registry.npmjs.org/typed-styles/-/typed-styles-0.0.5.tgz",
      "integrity": "sha512-ht+rEe5UsdEBAa3gr64+QjUOqjOLJfWLvl5HZR5Ev9uo/OnD3p43wPeFSB1hNFc13GXQF/JU1Bn0YHLUqBRIlw=="
    },
    "ua-parser-js": {
      "version": "0.7.18",
      "resolved": "https://registry.npmjs.org/ua-parser-js/-/ua-parser-js-0.7.18.tgz",
      "integrity": "sha512-LtzwHlVHwFGTptfNSgezHp7WUlwiqb0gA9AALRbKaERfxwJoiX0A73QbTToxteIAuIaFshhgIZfqK8s7clqgnA=="
    },
    "warning": {
      "version": "3.0.0",
      "resolved": "https://registry.npmjs.org/warning/-/warning-3.0.0.tgz",
      "integrity": "sha1-MuU3fLVy3kqwR1O9+IIcAe1gW3w=",
      "requires": {
        "loose-envify": "1.4.0"
      }
    },
    "whatwg-fetch": {
      "version": "2.0.4",
      "resolved": "https://registry.npmjs.org/whatwg-fetch/-/whatwg-fetch-2.0.4.tgz",
      "integrity": "sha512-dcQ1GWpOD/eEQ97k66aiEVpNnapVj90/+R+SXTPYGHpYBBypfKJEQjLrvMZ7YXbKm21gXd4NcuxUTjiv1YtLng=="
    }
  }
}
